
Microsoft Visual Studio Solution File, Format Version 11.00
# Visual Studio 2010
Project("{8BC9CEB8-8B4A-11D0-8D11-00A0C91BC942}") = "GxAutoFuncCtrl_VS2010", "GxAutoFuncCtrl\GxAutoFuncCtrl_VS2010.vcxproj", "{15707616-B933-8B81-D595-A1CF150205E7}"
EndProject
Project("{8BC9CEB8-8B4A-11D0-8D11-00A0C91BC942}") = "GxGetImage_VS2010", "GxGetImage\GxGetImage_VS2010.vcxproj", "{D60351E5-7CBF-47BC-8DC8-65C83FD96E5E}"
EndProject
Project("{8BC9CEB8-8B4A-11D0-8D11-00A0C91BC942}") = "GxIOSample_VS2010", "GxIOSample\GxIOSample_VS2010.vcxproj", "{D87F3BCE-0A2C-4D73-82F4-8778440F9BB2}"
EndProject
Project("{8BC9CEB8-8B4A-11D0-8D11-00A0C91BC942}") = "GxMultiCam_VS2010", "GxMultiCam\GxMultiCam_VS2010.vcxproj", "{99A82BC7-4DA5-4814-AEAD-FD0F3FE448A0}"
EndProject
Project("{8BC9CEB8-8B4A-11D0-8D11-00A0C91BC942}") = "GxUSBSnapPnp_VS2010", "GxUSBSnapPnp\GxUSBSnapPnp_VS2010.vcxproj", "{62FC65E6-FA1C-4F81-9061-EB9C3E534191}"
EndProject
Project("{8BC9CEB8-8B4A-11D0-8D11-00A0C91BC942}") = "GxStoreAVI_VS2010", "GxStoreAVI\GxStoreAVI_VS2010.vcxproj", "{6C03E3FC-CAC7-A063-CC7C-A46A5623269B}"
EndProject
Project("{8BC9CEB8-8B4A-11D0-8D11-00A0C91BC942}") = "GxViewer_VS2010", "GxViewer\GxViewer_VS2010.vcxproj", "{CBF0A7BA-F122-0192-D04E-8A97FE479463}"
EndProject
Project("{8BC9CEB8-8B4A-11D0-8D11-00A0C91BC942}") = "GxCameraEvents_VS2010", "GxCameraEvents\GxCameraEvents_VS2010.vcxproj", "{FD8A5862-DB21-A334-94AF-AF883E44F315}"
EndProject
Project("{8BC9CEB8-8B4A-11D0-8D11-00A0C91BC942}") = "GxGigeRecovery_VS2010", "GxGigeRecovery\GxGigeRecovery_VS2010.vcxproj", "{6ABF2FDB-AD18-F481-546E-E42179CCD41C}"
EndProject
Project("{8BC9CEB8-8B4A-11D0-8D11-00A0C91BC942}") = "GxImageProcess_VS2010", "GxImageProcess\GxImageProcess_VS2010.vcxproj", "{99B243E2-63E4-B18D-0348-6E016962C017}"
EndProject
Project("{8BC9CEB8-8B4A-11D0-8D11-00A0C91BC942}") = "GxSnapRaw16_VS2010", "GxSnapRaw16\GxSnapRaw16_VS2010.vcxproj", "{A903E2B4-4D06-B893-9B83-1CCD7E3D3642}"
EndProject
Project("{8BC9CEB8-8B4A-11D0-8D11-00A0C91BC942}") = "GxTransferDelay_VS2010", "GxTransferDelay\GxTransferDelay_VS2010.vcxproj", "{816A8C1C-F58B-F0AC-96D4-A0DF0F05594F}"
EndProject
Project("{8BC9CEB8-8B4A-11D0-8D11-00A0C91BC942}") = "GxFlatFieldCorrection_VS2010", "GxFlatFieldCorrection\GxFlatFieldCorrection_VS2010.vcxproj", "{D9ED9561-7AF2-F92C-9236-5D9BBD121A96}"
EndProject
Project("{8BC9CEB8-8B4A-11D0-8D11-00A0C91BC942}") = "GxMultiCamForHDR_VS2010", "GxMultiCamForHDR\GxMultiCamForHDR_VS2010.vcxproj", "{657AF435-5FDA-AADD-3392-ABA5B69533EC}"
EndProject
Project("{8BC9CEB8-8B4A-11D0-8D11-00A0C91BC942}") = "GxSimpleGrab_VS2010", "GxSimpleGrab\GxSimpleGrab_VS2010.vcxproj", "{788BD62C-564C-4911-BC93-1134914EFCDE}"
EndProject
Project("{8BC9CEB8-8B4A-11D0-8D11-00A0C91BC942}") = "GxSingleCam_VS2010", "GxSingleCam\GxSingleCam_VS2010.vcxproj", "{99953B0E-B8BF-AE16-0A58-6BEE373F482C}"
EndProject
Global
	GlobalSection(SolutionConfigurationPlatforms) = preSolution
		Debug|Win32 = Debug|Win32
		Debug|x64 = Debug|x64
		Release|Win32 = Release|Win32
		Release|x64 = Release|x64
	EndGlobalSection
	GlobalSection(ProjectConfigurationPlatforms) = postSolution
		{15707616-B933-8B81-D595-A1CF150205E7}.Debug|Win32.ActiveCfg = Debug|Win32
		{15707616-B933-8B81-D595-A1CF150205E7}.Debug|Win32.Build.0 = Debug|Win32
		{15707616-B933-8B81-D595-A1CF150205E7}.Debug|x64.ActiveCfg = Debug|x64
		{15707616-B933-8B81-D595-A1CF150205E7}.Debug|x64.Build.0 = Debug|x64
		{15707616-B933-8B81-D595-A1CF150205E7}.Release|Win32.ActiveCfg = Release|Win32
		{15707616-B933-8B81-D595-A1CF150205E7}.Release|Win32.Build.0 = Release|Win32
		{15707616-B933-8B81-D595-A1CF150205E7}.Release|x64.ActiveCfg = Release|x64
		{15707616-B933-8B81-D595-A1CF150205E7}.Release|x64.Build.0 = Release|x64
		{D60351E5-7CBF-47BC-8DC8-65C83FD96E5E}.Debug|Win32.ActiveCfg = Debug|Win32
		{D60351E5-7CBF-47BC-8DC8-65C83FD96E5E}.Debug|Win32.Build.0 = Debug|Win32
		{D60351E5-7CBF-47BC-8DC8-65C83FD96E5E}.Debug|x64.ActiveCfg = Debug|x64
		{D60351E5-7CBF-47BC-8DC8-65C83FD96E5E}.Debug|x64.Build.0 = Debug|x64
		{D60351E5-7CBF-47BC-8DC8-65C83FD96E5E}.Release|Win32.ActiveCfg = Release|Win32
		{D60351E5-7CBF-47BC-8DC8-65C83FD96E5E}.Release|Win32.Build.0 = Release|Win32
		{D60351E5-7CBF-47BC-8DC8-65C83FD96E5E}.Release|x64.ActiveCfg = Release|x64
		{D60351E5-7CBF-47BC-8DC8-65C83FD96E5E}.Release|x64.Build.0 = Release|x64
		{D87F3BCE-0A2C-4D73-82F4-8778440F9BB2}.Debug|Win32.ActiveCfg = Debug|Win32
		{D87F3BCE-0A2C-4D73-82F4-8778440F9BB2}.Debug|Win32.Build.0 = Debug|Win32
		{D87F3BCE-0A2C-4D73-82F4-8778440F9BB2}.Debug|x64.ActiveCfg = Debug|x64
		{D87F3BCE-0A2C-4D73-82F4-8778440F9BB2}.Debug|x64.Build.0 = Debug|x64
		{D87F3BCE-0A2C-4D73-82F4-8778440F9BB2}.Release|Win32.ActiveCfg = Release|Win32
		{D87F3BCE-0A2C-4D73-82F4-8778440F9BB2}.Release|Win32.Build.0 = Release|Win32
		{D87F3BCE-0A2C-4D73-82F4-8778440F9BB2}.Release|x64.ActiveCfg = Release|x64
		{D87F3BCE-0A2C-4D73-82F4-8778440F9BB2}.Release|x64.Build.0 = Release|x64
		{99A82BC7-4DA5-4814-AEAD-FD0F3FE448A0}.Debug|Win32.ActiveCfg = Debug|Win32
		{99A82BC7-4DA5-4814-AEAD-FD0F3FE448A0}.Debug|Win32.Build.0 = Debug|Win32
		{99A82BC7-4DA5-4814-AEAD-FD0F3FE448A0}.Debug|x64.ActiveCfg = Debug|x64
		{99A82BC7-4DA5-4814-AEAD-FD0F3FE448A0}.Debug|x64.Build.0 = Debug|x64
		{99A82BC7-4DA5-4814-AEAD-FD0F3FE448A0}.Release|Win32.ActiveCfg = Release|Win32
		{99A82BC7-4DA5-4814-AEAD-FD0F3FE448A0}.Release|Win32.Build.0 = Release|Win32
		{99A82BC7-4DA5-4814-AEAD-FD0F3FE448A0}.Release|x64.ActiveCfg = Release|x64
		{99A82BC7-4DA5-4814-AEAD-FD0F3FE448A0}.Release|x64.Build.0 = Release|x64
		{62FC65E6-FA1C-4F81-9061-EB9C3E534191}.Debug|Win32.ActiveCfg = Debug|Win32
		{62FC65E6-FA1C-4F81-9061-EB9C3E534191}.Debug|Win32.Build.0 = Debug|Win32
		{62FC65E6-FA1C-4F81-9061-EB9C3E534191}.Debug|x64.ActiveCfg = Debug|x64
		{62FC65E6-FA1C-4F81-9061-EB9C3E534191}.Debug|x64.Build.0 = Debug|x64
		{62FC65E6-FA1C-4F81-9061-EB9C3E534191}.Release|Win32.ActiveCfg = Release|Win32
		{62FC65E6-FA1C-4F81-9061-EB9C3E534191}.Release|Win32.Build.0 = Release|Win32
		{62FC65E6-FA1C-4F81-9061-EB9C3E534191}.Release|x64.ActiveCfg = Release|x64
		{62FC65E6-FA1C-4F81-9061-EB9C3E534191}.Release|x64.Build.0 = Release|x64
		{6C03E3FC-CAC7-A063-CC7C-A46A5623269B}.Debug|Win32.ActiveCfg = Debug|Win32
		{6C03E3FC-CAC7-A063-CC7C-A46A5623269B}.Debug|Win32.Build.0 = Debug|Win32
		{6C03E3FC-CAC7-A063-CC7C-A46A5623269B}.Debug|x64.ActiveCfg = Debug|x64
		{6C03E3FC-CAC7-A063-CC7C-A46A5623269B}.Debug|x64.Build.0 = Debug|x64
		{6C03E3FC-CAC7-A063-CC7C-A46A5623269B}.Release|Win32.ActiveCfg = Release|Win32
		{6C03E3FC-CAC7-A063-CC7C-A46A5623269B}.Release|Win32.Build.0 = Release|Win32
		{6C03E3FC-CAC7-A063-CC7C-A46A5623269B}.Release|x64.ActiveCfg = Release|x64
		{6C03E3FC-CAC7-A063-CC7C-A46A5623269B}.Release|x64.Build.0 = Release|x64
		{CBF0A7BA-F122-0192-D04E-8A97FE479463}.Debug|Win32.ActiveCfg = Debug|Win32
		{CBF0A7BA-F122-0192-D04E-8A97FE479463}.Debug|Win32.Build.0 = Debug|Win32
		{CBF0A7BA-F122-0192-D04E-8A97FE479463}.Debug|x64.ActiveCfg = Debug|x64
		{CBF0A7BA-F122-0192-D04E-8A97FE479463}.Debug|x64.Build.0 = Debug|x64
		{CBF0A7BA-F122-0192-D04E-8A97FE479463}.Release|Win32.ActiveCfg = Release|Win32
		{CBF0A7BA-F122-0192-D04E-8A97FE479463}.Release|Win32.Build.0 = Release|Win32
		{CBF0A7BA-F122-0192-D04E-8A97FE479463}.Release|x64.ActiveCfg = Release|x64
		{CBF0A7BA-F122-0192-D04E-8A97FE479463}.Release|x64.Build.0 = Release|x64
		{FD8A5862-DB21-A334-94AF-AF883E44F315}.Debug|Win32.ActiveCfg = Debug|Win32
		{FD8A5862-DB21-A334-94AF-AF883E44F315}.Debug|Win32.Build.0 = Debug|Win32
		{FD8A5862-DB21-A334-94AF-AF883E44F315}.Debug|x64.ActiveCfg = Debug|x64
		{FD8A5862-DB21-A334-94AF-AF883E44F315}.Debug|x64.Build.0 = Debug|x64
		{FD8A5862-DB21-A334-94AF-AF883E44F315}.Release|Win32.ActiveCfg = Release|Win32
		{FD8A5862-DB21-A334-94AF-AF883E44F315}.Release|Win32.Build.0 = Release|Win32
		{FD8A5862-DB21-A334-94AF-AF883E44F315}.Release|x64.ActiveCfg = Release|x64
		{FD8A5862-DB21-A334-94AF-AF883E44F315}.Release|x64.Build.0 = Release|x64
		{6ABF2FDB-AD18-F481-546E-E42179CCD41C}.Debug|Win32.ActiveCfg = Debug|Win32
		{6ABF2FDB-AD18-F481-546E-E42179CCD41C}.Debug|Win32.Build.0 = Debug|Win32
		{6ABF2FDB-AD18-F481-546E-E42179CCD41C}.Debug|x64.ActiveCfg = Debug|x64
		{6ABF2FDB-AD18-F481-546E-E42179CCD41C}.Debug|x64.Build.0 = Debug|x64
		{6ABF2FDB-AD18-F481-546E-E42179CCD41C}.Release|Win32.ActiveCfg = Release|Win32
		{6ABF2FDB-AD18-F481-546E-E42179CCD41C}.Release|Win32.Build.0 = Release|Win32
		{6ABF2FDB-AD18-F481-546E-E42179CCD41C}.Release|x64.ActiveCfg = Release|x64
		{6ABF2FDB-AD18-F481-546E-E42179CCD41C}.Release|x64.Build.0 = Release|x64
		{99B243E2-63E4-B18D-0348-6E016962C017}.Debug|Win32.ActiveCfg = Debug|Win32
		{99B243E2-63E4-B18D-0348-6E016962C017}.Debug|Win32.Build.0 = Debug|Win32
		{99B243E2-63E4-B18D-0348-6E016962C017}.Debug|x64.ActiveCfg = Debug|x64
		{99B243E2-63E4-B18D-0348-6E016962C017}.Debug|x64.Build.0 = Debug|x64
		{99B243E2-63E4-B18D-0348-6E016962C017}.Release|Win32.ActiveCfg = Release|Win32
		{99B243E2-63E4-B18D-0348-6E016962C017}.Release|Win32.Build.0 = Release|Win32
		{99B243E2-63E4-B18D-0348-6E016962C017}.Release|x64.ActiveCfg = Release|x64
		{99B243E2-63E4-B18D-0348-6E016962C017}.Release|x64.Build.0 = Release|x64
		{A903E2B4-4D06-B893-9B83-1CCD7E3D3642}.Debug|Win32.ActiveCfg = Debug|Win32
		{A903E2B4-4D06-B893-9B83-1CCD7E3D3642}.Debug|Win32.Build.0 = Debug|Win32
		{A903E2B4-4D06-B893-9B83-1CCD7E3D3642}.Debug|x64.ActiveCfg = Debug|x64
		{A903E2B4-4D06-B893-9B83-1CCD7E3D3642}.Debug|x64.Build.0 = Debug|x64
		{A903E2B4-4D06-B893-9B83-1CCD7E3D3642}.Release|Win32.ActiveCfg = Release|Win32
		{A903E2B4-4D06-B893-9B83-1CCD7E3D3642}.Release|Win32.Build.0 = Release|Win32
		{A903E2B4-4D06-B893-9B83-1CCD7E3D3642}.Release|x64.ActiveCfg = Release|x64
		{A903E2B4-4D06-B893-9B83-1CCD7E3D3642}.Release|x64.Build.0 = Release|x64
		{816A8C1C-F58B-F0AC-96D4-A0DF0F05594F}.Debug|Win32.ActiveCfg = Debug|Win32
		{816A8C1C-F58B-F0AC-96D4-A0DF0F05594F}.Debug|Win32.Build.0 = Debug|Win32
		{816A8C1C-F58B-F0AC-96D4-A0DF0F05594F}.Debug|x64.ActiveCfg = Debug|x64
		{816A8C1C-F58B-F0AC-96D4-A0DF0F05594F}.Debug|x64.Build.0 = Debug|x64
		{816A8C1C-F58B-F0AC-96D4-A0DF0F05594F}.Release|Win32.ActiveCfg = Release|Win32
		{816A8C1C-F58B-F0AC-96D4-A0DF0F05594F}.Release|Win32.Build.0 = Release|Win32
		{816A8C1C-F58B-F0AC-96D4-A0DF0F05594F}.Release|x64.ActiveCfg = Release|x64
		{816A8C1C-F58B-F0AC-96D4-A0DF0F05594F}.Release|x64.Build.0 = Release|x64
		{D9ED9561-7AF2-F92C-9236-5D9BBD121A96}.Debug|Win32.ActiveCfg = Debug|Win32
		{D9ED9561-7AF2-F92C-9236-5D9BBD121A96}.Debug|Win32.Build.0 = Debug|Win32
		{D9ED9561-7AF2-F92C-9236-5D9BBD121A96}.Debug|x64.ActiveCfg = Debug|x64
		{D9ED9561-7AF2-F92C-9236-5D9BBD121A96}.Debug|x64.Build.0 = Debug|x64
		{D9ED9561-7AF2-F92C-9236-5D9BBD121A96}.Release|Win32.ActiveCfg = Release|Win32
		{D9ED9561-7AF2-F92C-9236-5D9BBD121A96}.Release|Win32.Build.0 = Release|Win32
		{D9ED9561-7AF2-F92C-9236-5D9BBD121A96}.Release|x64.ActiveCfg = Release|x64
		{D9ED9561-7AF2-F92C-9236-5D9BBD121A96}.Release|x64.Build.0 = Release|x64
		{657AF435-5FDA-AADD-3392-ABA5B69533EC}.Debug|Win32.ActiveCfg = Debug|Win32
		{657AF435-5FDA-AADD-3392-ABA5B69533EC}.Debug|Win32.Build.0 = Debug|Win32
		{657AF435-5FDA-AADD-3392-ABA5B69533EC}.Debug|x64.ActiveCfg = Debug|x64
		{657AF435-5FDA-AADD-3392-ABA5B69533EC}.Debug|x64.Build.0 = Debug|x64
		{657AF435-5FDA-AADD-3392-ABA5B69533EC}.Release|Win32.ActiveCfg = Release|Win32
		{657AF435-5FDA-AADD-3392-ABA5B69533EC}.Release|Win32.Build.0 = Release|Win32
		{657AF435-5FDA-AADD-3392-ABA5B69533EC}.Release|x64.ActiveCfg = Release|x64
		{657AF435-5FDA-AADD-3392-ABA5B69533EC}.Release|x64.Build.0 = Release|x64
		{99953B0E-B8BF-AE16-0A58-6BEE373F482C}.Debug|Win32.ActiveCfg = Debug|Win32
		{99953B0E-B8BF-AE16-0A58-6BEE373F482C}.Debug|Win32.Build.0 = Debug|Win32
		{99953B0E-B8BF-AE16-0A58-6BEE373F482C}.Debug|x64.ActiveCfg = Debug|x64
		{99953B0E-B8BF-AE16-0A58-6BEE373F482C}.Debug|x64.Build.0 = Debug|x64
		{99953B0E-B8BF-AE16-0A58-6BEE373F482C}.Release|Win32.ActiveCfg = Release|Win32
		{99953B0E-B8BF-AE16-0A58-6BEE373F482C}.Release|Win32.Build.0 = Release|Win32
		{99953B0E-B8BF-AE16-0A58-6BEE373F482C}.Release|x64.ActiveCfg = Release|x64
		{99953B0E-B8BF-AE16-0A58-6BEE373F482C}.Release|x64.Build.0 = Release|x64
	EndGlobalSection
	GlobalSection(SolutionProperties) = preSolution
		HideSolutionNode = FALSE
	EndGlobalSection
EndGlobal
