
Microsoft Visual Studio Solution File, Format Version 11.00
# Visual Studio 2010
Project("{8BC9CEB8-8B4A-11D0-8D11-00A0C91BC942}") = "Advanced", "Advanced\VS2010\Advanced.vcxproj", "{BE54F48F-A12C-D962-7BB8-98047BDCD542}"
EndProject
Project("{8BC9CEB8-8B4A-11D0-8D11-00A0C91BC942}") = "Basic", "Basic\VS2010\Basic.vcxproj", "{F36A9505-1D01-21F1-6D4E-5B7E21FB88EB}"
EndProject
Project("{8BC9CEB8-8B4A-11D0-8D11-00A0C91BC942}") = "BasicEx", "BasicEx\VS2010\BasicEx.vcxproj", "{29C7EF64-1C28-6C5C-9EB6-2DD9791450DC}"
EndProject
Project("{8BC9CEB8-8B4A-11D0-8D11-00A0C91BC942}") = "GPIO", "GPIO\VS2010\GPIO.vcxproj", "{8A06ADE2-8E57-EDBB-F4C4-E7EE39230E3B}"
EndProject
Project("{8BC9CEB8-8B4A-11D0-8D11-00A0C91BC942}") = "LineScan", "LineScan\VS2010\LineScan.vcxproj", "{16C6436F-E7C4-D134-4DFC-3FB91380E691}"
EndProject
Project("{8BC9CEB8-8B4A-11D0-8D11-00A0C91BC942}") = "Multi_Camera", "MultiCamera\VS2010\Multi_Camera.vcxproj", "{D30AC0B0-B9C6-A2F6-09FE-749B0B982C16}"
EndProject
Project("{8BC9CEB8-8B4A-11D0-8D11-00A0C91BC942}") = "MultiExposure", "MultiExposure\VS2010\MultiExposure.vcxproj", "{8D591DD1-1DEB-F5D2-8625-E65EC6021B71}"
EndProject
Project("{8BC9CEB8-8B4A-11D0-8D11-00A0C91BC942}") = "OCX", "OCX\VS2010\OCX.vcxproj", "{3DCC71FA-8490-0515-A32E-F02E2B450FCD}"
EndProject
Project("{8BC9CEB8-8B4A-11D0-8D11-00A0C91BC942}") = "OpenCV", "OpenCV\VS2010\OpenCV.vcxproj", "{4A84ECE3-4D04-4F40-A762-8531E92DC3B8}"
EndProject
Project("{8BC9CEB8-8B4A-11D0-8D11-00A0C91BC942}") = "RawTransTest", "RawTransTest\RawTransTest.vcxproj", "{2187BEBB-1DDC-4AC2-84FB-038DD87EFDC9}"
EndProject
Project("{8BC9CEB8-8B4A-11D0-8D11-00A0C91BC942}") = "ROI", "ROI\VS2010\ROI.vcxproj", "{6222D7C8-800F-CA53-BB20-10B14FA653D7}"
EndProject
Project("{8BC9CEB8-8B4A-11D0-8D11-00A0C91BC942}") = "SnapshotOnPreview", "SnapshotOnPreview\VS2010\SnapshotOnPreview.vcxproj", "{3DEB517E-D67B-67BE-3013-CF526E62F88A}"
EndProject
Project("{8BC9CEB8-8B4A-11D0-8D11-00A0C91BC942}") = "TriggerAndStrobe", "TriggerAndStrobe\VS2010\TriggerAndStrobe.vcxproj", "{F253FC29-FB39-4960-8EC2-80A2D27857BF}"
EndProject
Project("{8BC9CEB8-8B4A-11D0-8D11-00A0C91BC942}") = "UserDataTest", "UserDataTest\VS2010\UserDataTest.vcxproj", "{A6A75FEC-7786-7159-A537-A27517F67C7C}"
EndProject
Project("{8BC9CEB8-8B4A-11D0-8D11-00A0C91BC942}") = "ImageFormat", "ImageFormat&Saving\VS2010\ImageFormat.vcxproj", "{5057A795-E990-F676-F885-AFD2B4091BBC}"
EndProject
Project("{8BC9CEB8-8B4A-11D0-8D11-00A0C91BC942}") = "SaveFile", "SaveFile\VS2010\SaveFile.vcxproj", "{BFBD9EEE-EC79-695E-EFCD-DF1AD663DD40}"
EndProject
Project("{8BC9CEB8-8B4A-11D0-8D11-00A0C91BC942}") = "CameraDisplay", "CameraDisplay\CameraDisplay.vcxproj", "{4CD222B7-958B-4350-B99C-84070AA114BC}"
EndProject
Project("{8BC9CEB8-8B4A-11D0-8D11-00A0C91BC942}") = "ImageDefinition", "ImageDefinition\ImageDefinition.vcxproj", "{027EFF50-3AFD-4255-9D60-44890A17389E}"
EndProject
Project("{8BC9CEB8-8B4A-11D0-8D11-00A0C91BC942}") = "DrawText", "DrawText\DrawText.vcxproj", "{082BB151-3110-437F-8A39-6057E2282980}"
EndProject
Project("{8BC9CEB8-8B4A-11D0-8D11-00A0C91BC942}") = "GigeConfig", "GigeConfig\GigeConfig.vcxproj", "{320276B1-380A-4696-81FD-64E7EEF4F16B}"
EndProject
Project("{8BC9CEB8-8B4A-11D0-8D11-00A0C91BC942}") = "FirstStep", "FirstStep\FirstStep.vcxproj", "{22FEB8A8-5DA4-4E36-A9A0-376E9B726C66}"
EndProject
Project("{8BC9CEB8-8B4A-11D0-8D11-00A0C91BC942}") = "FirstStepMulti", "FirstStepMulti\FirstStepMulti.vcxproj", "{2EFCEEC5-192E-417E-B597-19DDD9D0C169}"
EndProject
Project("{8BC9CEB8-8B4A-11D0-8D11-00A0C91BC942}") = "FirstStepMulti10", "FirstStepMulti10\FirstStepMulti10.vcxproj", "{986E3951-CD1F-438B-9D99-C7AF6F5BEE19}"
EndProject
Project("{8BC9CEB8-8B4A-11D0-8D11-00A0C91BC942}") = "Denoise3D", "Denoise3D\Denoise3D.vcxproj", "{1C3DB558-997A-44AF-AEBD-26B2AF92A411}"
EndProject
Project("{8BC9CEB8-8B4A-11D0-8D11-00A0C91BC942}") = "Record", "Record\VS2010\Record.vcxproj", "{84A8EB59-955E-3956-5A6F-E3D62C181E6C}"
EndProject
Project("{8BC9CEB8-8B4A-11D0-8D11-00A0C91BC942}") = "SaveImage", "SaveImage\SaveImage.vcxproj", "{DBA5E39F-7EBC-4A51-B8D5-375D73D922F9}"
EndProject
Global
	GlobalSection(SolutionConfigurationPlatforms) = preSolution
		Debug|Win32 = Debug|Win32
		Debug|x64 = Debug|x64
		Release_X64|Win32 = Release_X64|Win32
		Release_X64|x64 = Release_X64|x64
		Release|Win32 = Release|Win32
		Release|x64 = Release|x64
		Template|Win32 = Template|Win32
		Template|x64 = Template|x64
	EndGlobalSection
	GlobalSection(ProjectConfigurationPlatforms) = postSolution
		{BE54F48F-A12C-D962-7BB8-98047BDCD542}.Debug|Win32.ActiveCfg = Debug|Win32
		{BE54F48F-A12C-D962-7BB8-98047BDCD542}.Debug|Win32.Build.0 = Debug|Win32
		{BE54F48F-A12C-D962-7BB8-98047BDCD542}.Debug|x64.ActiveCfg = Debug|Win32
		{BE54F48F-A12C-D962-7BB8-98047BDCD542}.Release_X64|Win32.ActiveCfg = Release_X64|x64
		{BE54F48F-A12C-D962-7BB8-98047BDCD542}.Release_X64|Win32.Build.0 = Release_X64|x64
		{BE54F48F-A12C-D962-7BB8-98047BDCD542}.Release_X64|x64.ActiveCfg = Release_X64|x64
		{BE54F48F-A12C-D962-7BB8-98047BDCD542}.Release_X64|x64.Build.0 = Release_X64|x64
		{BE54F48F-A12C-D962-7BB8-98047BDCD542}.Release|Win32.ActiveCfg = Release|Win32
		{BE54F48F-A12C-D962-7BB8-98047BDCD542}.Release|Win32.Build.0 = Release|Win32
		{BE54F48F-A12C-D962-7BB8-98047BDCD542}.Release|x64.ActiveCfg = Release|Win32
		{BE54F48F-A12C-D962-7BB8-98047BDCD542}.Release|x64.Build.0 = Release|Win32
		{BE54F48F-A12C-D962-7BB8-98047BDCD542}.Template|Win32.ActiveCfg = Release|x64
		{BE54F48F-A12C-D962-7BB8-98047BDCD542}.Template|x64.ActiveCfg = Release|x64
		{BE54F48F-A12C-D962-7BB8-98047BDCD542}.Template|x64.Build.0 = Release|x64
		{F36A9505-1D01-21F1-6D4E-5B7E21FB88EB}.Debug|Win32.ActiveCfg = Debug|Win32
		{F36A9505-1D01-21F1-6D4E-5B7E21FB88EB}.Debug|Win32.Build.0 = Debug|Win32
		{F36A9505-1D01-21F1-6D4E-5B7E21FB88EB}.Debug|x64.ActiveCfg = Debug|Win32
		{F36A9505-1D01-21F1-6D4E-5B7E21FB88EB}.Release_X64|Win32.ActiveCfg = Release|Win32
		{F36A9505-1D01-21F1-6D4E-5B7E21FB88EB}.Release_X64|Win32.Build.0 = Release|Win32
		{F36A9505-1D01-21F1-6D4E-5B7E21FB88EB}.Release_X64|x64.ActiveCfg = Release_X64|x64
		{F36A9505-1D01-21F1-6D4E-5B7E21FB88EB}.Release_X64|x64.Build.0 = Release_X64|x64
		{F36A9505-1D01-21F1-6D4E-5B7E21FB88EB}.Release|Win32.ActiveCfg = Release|Win32
		{F36A9505-1D01-21F1-6D4E-5B7E21FB88EB}.Release|Win32.Build.0 = Release|Win32
		{F36A9505-1D01-21F1-6D4E-5B7E21FB88EB}.Release|x64.ActiveCfg = Release|Win32
		{F36A9505-1D01-21F1-6D4E-5B7E21FB88EB}.Release|x64.Build.0 = Release|Win32
		{F36A9505-1D01-21F1-6D4E-5B7E21FB88EB}.Template|Win32.ActiveCfg = Release_X64|x64
		{F36A9505-1D01-21F1-6D4E-5B7E21FB88EB}.Template|x64.ActiveCfg = Release_X64|x64
		{F36A9505-1D01-21F1-6D4E-5B7E21FB88EB}.Template|x64.Build.0 = Release_X64|x64
		{29C7EF64-1C28-6C5C-9EB6-2DD9791450DC}.Debug|Win32.ActiveCfg = Debug|Win32
		{29C7EF64-1C28-6C5C-9EB6-2DD9791450DC}.Debug|Win32.Build.0 = Debug|Win32
		{29C7EF64-1C28-6C5C-9EB6-2DD9791450DC}.Debug|x64.ActiveCfg = Debug|Win32
		{29C7EF64-1C28-6C5C-9EB6-2DD9791450DC}.Release_X64|Win32.ActiveCfg = Release|Win32
		{29C7EF64-1C28-6C5C-9EB6-2DD9791450DC}.Release_X64|Win32.Build.0 = Release|Win32
		{29C7EF64-1C28-6C5C-9EB6-2DD9791450DC}.Release_X64|x64.ActiveCfg = Release_X64|x64
		{29C7EF64-1C28-6C5C-9EB6-2DD9791450DC}.Release_X64|x64.Build.0 = Release_X64|x64
		{29C7EF64-1C28-6C5C-9EB6-2DD9791450DC}.Release|Win32.ActiveCfg = Release|Win32
		{29C7EF64-1C28-6C5C-9EB6-2DD9791450DC}.Release|Win32.Build.0 = Release|Win32
		{29C7EF64-1C28-6C5C-9EB6-2DD9791450DC}.Release|x64.ActiveCfg = Release|Win32
		{29C7EF64-1C28-6C5C-9EB6-2DD9791450DC}.Release|x64.Build.0 = Release|Win32
		{29C7EF64-1C28-6C5C-9EB6-2DD9791450DC}.Template|Win32.ActiveCfg = Template|Win32
		{29C7EF64-1C28-6C5C-9EB6-2DD9791450DC}.Template|Win32.Build.0 = Template|Win32
		{29C7EF64-1C28-6C5C-9EB6-2DD9791450DC}.Template|x64.ActiveCfg = Template|Win32
		{8A06ADE2-8E57-EDBB-F4C4-E7EE39230E3B}.Debug|Win32.ActiveCfg = Debug|Win32
		{8A06ADE2-8E57-EDBB-F4C4-E7EE39230E3B}.Debug|Win32.Build.0 = Debug|Win32
		{8A06ADE2-8E57-EDBB-F4C4-E7EE39230E3B}.Debug|x64.ActiveCfg = Debug|Win32
		{8A06ADE2-8E57-EDBB-F4C4-E7EE39230E3B}.Release_X64|Win32.ActiveCfg = Release|Win32
		{8A06ADE2-8E57-EDBB-F4C4-E7EE39230E3B}.Release_X64|Win32.Build.0 = Release|Win32
		{8A06ADE2-8E57-EDBB-F4C4-E7EE39230E3B}.Release_X64|x64.ActiveCfg = Release_X64|x64
		{8A06ADE2-8E57-EDBB-F4C4-E7EE39230E3B}.Release_X64|x64.Build.0 = Release_X64|x64
		{8A06ADE2-8E57-EDBB-F4C4-E7EE39230E3B}.Release|Win32.ActiveCfg = Release|Win32
		{8A06ADE2-8E57-EDBB-F4C4-E7EE39230E3B}.Release|Win32.Build.0 = Release|Win32
		{8A06ADE2-8E57-EDBB-F4C4-E7EE39230E3B}.Release|x64.ActiveCfg = Release|Win32
		{8A06ADE2-8E57-EDBB-F4C4-E7EE39230E3B}.Release|x64.Build.0 = Release|Win32
		{8A06ADE2-8E57-EDBB-F4C4-E7EE39230E3B}.Template|Win32.ActiveCfg = Template|Win32
		{8A06ADE2-8E57-EDBB-F4C4-E7EE39230E3B}.Template|Win32.Build.0 = Template|Win32
		{8A06ADE2-8E57-EDBB-F4C4-E7EE39230E3B}.Template|x64.ActiveCfg = Template|Win32
		{16C6436F-E7C4-D134-4DFC-3FB91380E691}.Debug|Win32.ActiveCfg = Debug|Win32
		{16C6436F-E7C4-D134-4DFC-3FB91380E691}.Debug|Win32.Build.0 = Debug|Win32
		{16C6436F-E7C4-D134-4DFC-3FB91380E691}.Debug|x64.ActiveCfg = Debug|Win32
		{16C6436F-E7C4-D134-4DFC-3FB91380E691}.Release_X64|Win32.ActiveCfg = Release|Win32
		{16C6436F-E7C4-D134-4DFC-3FB91380E691}.Release_X64|Win32.Build.0 = Release|Win32
		{16C6436F-E7C4-D134-4DFC-3FB91380E691}.Release_X64|x64.ActiveCfg = Release_X64|x64
		{16C6436F-E7C4-D134-4DFC-3FB91380E691}.Release_X64|x64.Build.0 = Release_X64|x64
		{16C6436F-E7C4-D134-4DFC-3FB91380E691}.Release|Win32.ActiveCfg = Release|Win32
		{16C6436F-E7C4-D134-4DFC-3FB91380E691}.Release|Win32.Build.0 = Release|Win32
		{16C6436F-E7C4-D134-4DFC-3FB91380E691}.Release|x64.ActiveCfg = Release|Win32
		{16C6436F-E7C4-D134-4DFC-3FB91380E691}.Release|x64.Build.0 = Release|Win32
		{16C6436F-E7C4-D134-4DFC-3FB91380E691}.Template|Win32.ActiveCfg = Template|Win32
		{16C6436F-E7C4-D134-4DFC-3FB91380E691}.Template|Win32.Build.0 = Template|Win32
		{16C6436F-E7C4-D134-4DFC-3FB91380E691}.Template|x64.ActiveCfg = Template|Win32
		{D30AC0B0-B9C6-A2F6-09FE-749B0B982C16}.Debug|Win32.ActiveCfg = Debug|Win32
		{D30AC0B0-B9C6-A2F6-09FE-749B0B982C16}.Debug|Win32.Build.0 = Debug|Win32
		{D30AC0B0-B9C6-A2F6-09FE-749B0B982C16}.Debug|x64.ActiveCfg = Debug|Win32
		{D30AC0B0-B9C6-A2F6-09FE-749B0B982C16}.Release_X64|Win32.ActiveCfg = Release|Win32
		{D30AC0B0-B9C6-A2F6-09FE-749B0B982C16}.Release_X64|Win32.Build.0 = Release|Win32
		{D30AC0B0-B9C6-A2F6-09FE-749B0B982C16}.Release_X64|x64.ActiveCfg = Release_X64|x64
		{D30AC0B0-B9C6-A2F6-09FE-749B0B982C16}.Release_X64|x64.Build.0 = Release_X64|x64
		{D30AC0B0-B9C6-A2F6-09FE-749B0B982C16}.Release|Win32.ActiveCfg = Release|Win32
		{D30AC0B0-B9C6-A2F6-09FE-749B0B982C16}.Release|Win32.Build.0 = Release|Win32
		{D30AC0B0-B9C6-A2F6-09FE-749B0B982C16}.Release|x64.ActiveCfg = Release|Win32
		{D30AC0B0-B9C6-A2F6-09FE-749B0B982C16}.Release|x64.Build.0 = Release|Win32
		{D30AC0B0-B9C6-A2F6-09FE-749B0B982C16}.Template|Win32.ActiveCfg = Release|Win32
		{D30AC0B0-B9C6-A2F6-09FE-749B0B982C16}.Template|Win32.Build.0 = Release|Win32
		{D30AC0B0-B9C6-A2F6-09FE-749B0B982C16}.Template|x64.ActiveCfg = Release|Win32
		{8D591DD1-1DEB-F5D2-8625-E65EC6021B71}.Debug|Win32.ActiveCfg = Debug|Win32
		{8D591DD1-1DEB-F5D2-8625-E65EC6021B71}.Debug|Win32.Build.0 = Debug|Win32
		{8D591DD1-1DEB-F5D2-8625-E65EC6021B71}.Debug|x64.ActiveCfg = Debug|Win32
		{8D591DD1-1DEB-F5D2-8625-E65EC6021B71}.Release_X64|Win32.ActiveCfg = Release|Win32
		{8D591DD1-1DEB-F5D2-8625-E65EC6021B71}.Release_X64|Win32.Build.0 = Release|Win32
		{8D591DD1-1DEB-F5D2-8625-E65EC6021B71}.Release_X64|x64.ActiveCfg = Release_X64|x64
		{8D591DD1-1DEB-F5D2-8625-E65EC6021B71}.Release_X64|x64.Build.0 = Release_X64|x64
		{8D591DD1-1DEB-F5D2-8625-E65EC6021B71}.Release|Win32.ActiveCfg = Release|Win32
		{8D591DD1-1DEB-F5D2-8625-E65EC6021B71}.Release|Win32.Build.0 = Release|Win32
		{8D591DD1-1DEB-F5D2-8625-E65EC6021B71}.Release|x64.ActiveCfg = Release|Win32
		{8D591DD1-1DEB-F5D2-8625-E65EC6021B71}.Release|x64.Build.0 = Release|Win32
		{8D591DD1-1DEB-F5D2-8625-E65EC6021B71}.Template|Win32.ActiveCfg = Template|Win32
		{8D591DD1-1DEB-F5D2-8625-E65EC6021B71}.Template|Win32.Build.0 = Template|Win32
		{8D591DD1-1DEB-F5D2-8625-E65EC6021B71}.Template|x64.ActiveCfg = Template|Win32
		{3DCC71FA-8490-0515-A32E-F02E2B450FCD}.Debug|Win32.ActiveCfg = Debug|Win32
		{3DCC71FA-8490-0515-A32E-F02E2B450FCD}.Debug|Win32.Build.0 = Debug|Win32
		{3DCC71FA-8490-0515-A32E-F02E2B450FCD}.Debug|x64.ActiveCfg = Debug|Win32
		{3DCC71FA-8490-0515-A32E-F02E2B450FCD}.Release_X64|Win32.ActiveCfg = Release|Win32
		{3DCC71FA-8490-0515-A32E-F02E2B450FCD}.Release_X64|Win32.Build.0 = Release|Win32
		{3DCC71FA-8490-0515-A32E-F02E2B450FCD}.Release_X64|x64.ActiveCfg = Release_X64|x64
		{3DCC71FA-8490-0515-A32E-F02E2B450FCD}.Release_X64|x64.Build.0 = Release_X64|x64
		{3DCC71FA-8490-0515-A32E-F02E2B450FCD}.Release|Win32.ActiveCfg = Release|Win32
		{3DCC71FA-8490-0515-A32E-F02E2B450FCD}.Release|Win32.Build.0 = Release|Win32
		{3DCC71FA-8490-0515-A32E-F02E2B450FCD}.Release|x64.ActiveCfg = Release|Win32
		{3DCC71FA-8490-0515-A32E-F02E2B450FCD}.Release|x64.Build.0 = Release|Win32
		{3DCC71FA-8490-0515-A32E-F02E2B450FCD}.Template|Win32.ActiveCfg = Template|Win32
		{3DCC71FA-8490-0515-A32E-F02E2B450FCD}.Template|Win32.Build.0 = Template|Win32
		{3DCC71FA-8490-0515-A32E-F02E2B450FCD}.Template|x64.ActiveCfg = Template|Win32
		{4A84ECE3-4D04-4F40-A762-8531E92DC3B8}.Debug|Win32.ActiveCfg = Debug|Win32
		{4A84ECE3-4D04-4F40-A762-8531E92DC3B8}.Debug|Win32.Build.0 = Debug|Win32
		{4A84ECE3-4D04-4F40-A762-8531E92DC3B8}.Debug|x64.ActiveCfg = Debug|Win32
		{4A84ECE3-4D04-4F40-A762-8531E92DC3B8}.Release_X64|Win32.ActiveCfg = Release|Win32
		{4A84ECE3-4D04-4F40-A762-8531E92DC3B8}.Release_X64|Win32.Build.0 = Release|Win32
		{4A84ECE3-4D04-4F40-A762-8531E92DC3B8}.Release_X64|x64.ActiveCfg = Release_X64|x64
		{4A84ECE3-4D04-4F40-A762-8531E92DC3B8}.Release_X64|x64.Build.0 = Release_X64|x64
		{4A84ECE3-4D04-4F40-A762-8531E92DC3B8}.Release|Win32.ActiveCfg = Release|Win32
		{4A84ECE3-4D04-4F40-A762-8531E92DC3B8}.Release|Win32.Build.0 = Release|Win32
		{4A84ECE3-4D04-4F40-A762-8531E92DC3B8}.Release|x64.ActiveCfg = Release|Win32
		{4A84ECE3-4D04-4F40-A762-8531E92DC3B8}.Release|x64.Build.0 = Release|Win32
		{4A84ECE3-4D04-4F40-A762-8531E92DC3B8}.Template|Win32.ActiveCfg = Release|Win32
		{4A84ECE3-4D04-4F40-A762-8531E92DC3B8}.Template|Win32.Build.0 = Release|Win32
		{4A84ECE3-4D04-4F40-A762-8531E92DC3B8}.Template|x64.ActiveCfg = Release|Win32
		{2187BEBB-1DDC-4AC2-84FB-038DD87EFDC9}.Debug|Win32.ActiveCfg = Debug|Win32
		{2187BEBB-1DDC-4AC2-84FB-038DD87EFDC9}.Debug|Win32.Build.0 = Debug|Win32
		{2187BEBB-1DDC-4AC2-84FB-038DD87EFDC9}.Debug|x64.ActiveCfg = Debug|Win32
		{2187BEBB-1DDC-4AC2-84FB-038DD87EFDC9}.Release_X64|Win32.ActiveCfg = Release|Win32
		{2187BEBB-1DDC-4AC2-84FB-038DD87EFDC9}.Release_X64|Win32.Build.0 = Release|Win32
		{2187BEBB-1DDC-4AC2-84FB-038DD87EFDC9}.Release_X64|x64.ActiveCfg = Release_X64|x64
		{2187BEBB-1DDC-4AC2-84FB-038DD87EFDC9}.Release_X64|x64.Build.0 = Release_X64|x64
		{2187BEBB-1DDC-4AC2-84FB-038DD87EFDC9}.Release|Win32.ActiveCfg = Release|Win32
		{2187BEBB-1DDC-4AC2-84FB-038DD87EFDC9}.Release|Win32.Build.0 = Release|Win32
		{2187BEBB-1DDC-4AC2-84FB-038DD87EFDC9}.Release|x64.ActiveCfg = Release|Win32
		{2187BEBB-1DDC-4AC2-84FB-038DD87EFDC9}.Release|x64.Build.0 = Release|Win32
		{2187BEBB-1DDC-4AC2-84FB-038DD87EFDC9}.Template|Win32.ActiveCfg = Release|Win32
		{2187BEBB-1DDC-4AC2-84FB-038DD87EFDC9}.Template|Win32.Build.0 = Release|Win32
		{2187BEBB-1DDC-4AC2-84FB-038DD87EFDC9}.Template|x64.ActiveCfg = Release|Win32
		{6222D7C8-800F-CA53-BB20-10B14FA653D7}.Debug|Win32.ActiveCfg = Debug|Win32
		{6222D7C8-800F-CA53-BB20-10B14FA653D7}.Debug|Win32.Build.0 = Debug|Win32
		{6222D7C8-800F-CA53-BB20-10B14FA653D7}.Debug|x64.ActiveCfg = Debug|Win32
		{6222D7C8-800F-CA53-BB20-10B14FA653D7}.Release_X64|Win32.ActiveCfg = Release|Win32
		{6222D7C8-800F-CA53-BB20-10B14FA653D7}.Release_X64|Win32.Build.0 = Release|Win32
		{6222D7C8-800F-CA53-BB20-10B14FA653D7}.Release_X64|x64.ActiveCfg = Release_X64|x64
		{6222D7C8-800F-CA53-BB20-10B14FA653D7}.Release_X64|x64.Build.0 = Release_X64|x64
		{6222D7C8-800F-CA53-BB20-10B14FA653D7}.Release|Win32.ActiveCfg = Release|Win32
		{6222D7C8-800F-CA53-BB20-10B14FA653D7}.Release|Win32.Build.0 = Release|Win32
		{6222D7C8-800F-CA53-BB20-10B14FA653D7}.Release|x64.ActiveCfg = Release|Win32
		{6222D7C8-800F-CA53-BB20-10B14FA653D7}.Release|x64.Build.0 = Release|Win32
		{6222D7C8-800F-CA53-BB20-10B14FA653D7}.Template|Win32.ActiveCfg = Template|Win32
		{6222D7C8-800F-CA53-BB20-10B14FA653D7}.Template|Win32.Build.0 = Template|Win32
		{6222D7C8-800F-CA53-BB20-10B14FA653D7}.Template|x64.ActiveCfg = Template|Win32
		{3DEB517E-D67B-67BE-3013-CF526E62F88A}.Debug|Win32.ActiveCfg = Debug|Win32
		{3DEB517E-D67B-67BE-3013-CF526E62F88A}.Debug|Win32.Build.0 = Debug|Win32
		{3DEB517E-D67B-67BE-3013-CF526E62F88A}.Debug|x64.ActiveCfg = Debug|Win32
		{3DEB517E-D67B-67BE-3013-CF526E62F88A}.Release_X64|Win32.ActiveCfg = Release|Win32
		{3DEB517E-D67B-67BE-3013-CF526E62F88A}.Release_X64|Win32.Build.0 = Release|Win32
		{3DEB517E-D67B-67BE-3013-CF526E62F88A}.Release_X64|x64.ActiveCfg = Release_X64|x64
		{3DEB517E-D67B-67BE-3013-CF526E62F88A}.Release_X64|x64.Build.0 = Release_X64|x64
		{3DEB517E-D67B-67BE-3013-CF526E62F88A}.Release|Win32.ActiveCfg = Release|Win32
		{3DEB517E-D67B-67BE-3013-CF526E62F88A}.Release|Win32.Build.0 = Release|Win32
		{3DEB517E-D67B-67BE-3013-CF526E62F88A}.Release|x64.ActiveCfg = Release|Win32
		{3DEB517E-D67B-67BE-3013-CF526E62F88A}.Release|x64.Build.0 = Release|Win32
		{3DEB517E-D67B-67BE-3013-CF526E62F88A}.Template|Win32.ActiveCfg = Template|Win32
		{3DEB517E-D67B-67BE-3013-CF526E62F88A}.Template|Win32.Build.0 = Template|Win32
		{3DEB517E-D67B-67BE-3013-CF526E62F88A}.Template|x64.ActiveCfg = Template|Win32
		{F253FC29-FB39-4960-8EC2-80A2D27857BF}.Debug|Win32.ActiveCfg = Debug|Win32
		{F253FC29-FB39-4960-8EC2-80A2D27857BF}.Debug|Win32.Build.0 = Debug|Win32
		{F253FC29-FB39-4960-8EC2-80A2D27857BF}.Debug|x64.ActiveCfg = Debug|Win32
		{F253FC29-FB39-4960-8EC2-80A2D27857BF}.Release_X64|Win32.ActiveCfg = Release|Win32
		{F253FC29-FB39-4960-8EC2-80A2D27857BF}.Release_X64|Win32.Build.0 = Release|Win32
		{F253FC29-FB39-4960-8EC2-80A2D27857BF}.Release_X64|x64.ActiveCfg = Release_X64|x64
		{F253FC29-FB39-4960-8EC2-80A2D27857BF}.Release_X64|x64.Build.0 = Release_X64|x64
		{F253FC29-FB39-4960-8EC2-80A2D27857BF}.Release|Win32.ActiveCfg = Release|Win32
		{F253FC29-FB39-4960-8EC2-80A2D27857BF}.Release|Win32.Build.0 = Release|Win32
		{F253FC29-FB39-4960-8EC2-80A2D27857BF}.Release|x64.ActiveCfg = Release|Win32
		{F253FC29-FB39-4960-8EC2-80A2D27857BF}.Release|x64.Build.0 = Release|Win32
		{F253FC29-FB39-4960-8EC2-80A2D27857BF}.Template|Win32.ActiveCfg = Template|Win32
		{F253FC29-FB39-4960-8EC2-80A2D27857BF}.Template|Win32.Build.0 = Template|Win32
		{F253FC29-FB39-4960-8EC2-80A2D27857BF}.Template|x64.ActiveCfg = Template|Win32
		{A6A75FEC-7786-7159-A537-A27517F67C7C}.Debug|Win32.ActiveCfg = Debug|Win32
		{A6A75FEC-7786-7159-A537-A27517F67C7C}.Debug|Win32.Build.0 = Debug|Win32
		{A6A75FEC-7786-7159-A537-A27517F67C7C}.Debug|x64.ActiveCfg = Debug|Win32
		{A6A75FEC-7786-7159-A537-A27517F67C7C}.Release_X64|Win32.ActiveCfg = Release|Win32
		{A6A75FEC-7786-7159-A537-A27517F67C7C}.Release_X64|Win32.Build.0 = Release|Win32
		{A6A75FEC-7786-7159-A537-A27517F67C7C}.Release_X64|x64.ActiveCfg = Release_X64|x64
		{A6A75FEC-7786-7159-A537-A27517F67C7C}.Release_X64|x64.Build.0 = Release_X64|x64
		{A6A75FEC-7786-7159-A537-A27517F67C7C}.Release|Win32.ActiveCfg = Release|Win32
		{A6A75FEC-7786-7159-A537-A27517F67C7C}.Release|Win32.Build.0 = Release|Win32
		{A6A75FEC-7786-7159-A537-A27517F67C7C}.Release|x64.ActiveCfg = Release|Win32
		{A6A75FEC-7786-7159-A537-A27517F67C7C}.Release|x64.Build.0 = Release|Win32
		{A6A75FEC-7786-7159-A537-A27517F67C7C}.Template|Win32.ActiveCfg = Template|Win32
		{A6A75FEC-7786-7159-A537-A27517F67C7C}.Template|Win32.Build.0 = Template|Win32
		{A6A75FEC-7786-7159-A537-A27517F67C7C}.Template|x64.ActiveCfg = Template|Win32
		{5057A795-E990-F676-F885-AFD2B4091BBC}.Debug|Win32.ActiveCfg = Debug|Win32
		{5057A795-E990-F676-F885-AFD2B4091BBC}.Debug|Win32.Build.0 = Debug|Win32
		{5057A795-E990-F676-F885-AFD2B4091BBC}.Debug|x64.ActiveCfg = Debug|Win32
		{5057A795-E990-F676-F885-AFD2B4091BBC}.Release_X64|Win32.ActiveCfg = Release|Win32
		{5057A795-E990-F676-F885-AFD2B4091BBC}.Release_X64|Win32.Build.0 = Release|Win32
		{5057A795-E990-F676-F885-AFD2B4091BBC}.Release_X64|x64.ActiveCfg = Release_X64|x64
		{5057A795-E990-F676-F885-AFD2B4091BBC}.Release_X64|x64.Build.0 = Release_X64|x64
		{5057A795-E990-F676-F885-AFD2B4091BBC}.Release|Win32.ActiveCfg = Release|Win32
		{5057A795-E990-F676-F885-AFD2B4091BBC}.Release|Win32.Build.0 = Release|Win32
		{5057A795-E990-F676-F885-AFD2B4091BBC}.Release|x64.ActiveCfg = Release|Win32
		{5057A795-E990-F676-F885-AFD2B4091BBC}.Template|Win32.ActiveCfg = Template|Win32
		{5057A795-E990-F676-F885-AFD2B4091BBC}.Template|Win32.Build.0 = Template|Win32
		{5057A795-E990-F676-F885-AFD2B4091BBC}.Template|x64.ActiveCfg = Template|Win32
		{BFBD9EEE-EC79-695E-EFCD-DF1AD663DD40}.Debug|Win32.ActiveCfg = Debug|Win32
		{BFBD9EEE-EC79-695E-EFCD-DF1AD663DD40}.Debug|Win32.Build.0 = Debug|Win32
		{BFBD9EEE-EC79-695E-EFCD-DF1AD663DD40}.Debug|x64.ActiveCfg = Debug|Win32
		{BFBD9EEE-EC79-695E-EFCD-DF1AD663DD40}.Release_X64|Win32.ActiveCfg = Release|Win32
		{BFBD9EEE-EC79-695E-EFCD-DF1AD663DD40}.Release_X64|Win32.Build.0 = Release|Win32
		{BFBD9EEE-EC79-695E-EFCD-DF1AD663DD40}.Release_X64|x64.ActiveCfg = Release_X64|x64
		{BFBD9EEE-EC79-695E-EFCD-DF1AD663DD40}.Release_X64|x64.Build.0 = Release_X64|x64
		{BFBD9EEE-EC79-695E-EFCD-DF1AD663DD40}.Release|Win32.ActiveCfg = Release|Win32
		{BFBD9EEE-EC79-695E-EFCD-DF1AD663DD40}.Release|Win32.Build.0 = Release|Win32
		{BFBD9EEE-EC79-695E-EFCD-DF1AD663DD40}.Release|x64.ActiveCfg = Release|Win32
		{BFBD9EEE-EC79-695E-EFCD-DF1AD663DD40}.Template|Win32.ActiveCfg = Template|Win32
		{BFBD9EEE-EC79-695E-EFCD-DF1AD663DD40}.Template|Win32.Build.0 = Template|Win32
		{BFBD9EEE-EC79-695E-EFCD-DF1AD663DD40}.Template|x64.ActiveCfg = Template|Win32
		{4CD222B7-958B-4350-B99C-84070AA114BC}.Debug|Win32.ActiveCfg = Debug|Win32
		{4CD222B7-958B-4350-B99C-84070AA114BC}.Debug|Win32.Build.0 = Debug|Win32
		{4CD222B7-958B-4350-B99C-84070AA114BC}.Debug|x64.ActiveCfg = Debug|Win32
		{4CD222B7-958B-4350-B99C-84070AA114BC}.Release_X64|Win32.ActiveCfg = Release|Win32
		{4CD222B7-958B-4350-B99C-84070AA114BC}.Release_X64|Win32.Build.0 = Release|Win32
		{4CD222B7-958B-4350-B99C-84070AA114BC}.Release_X64|x64.ActiveCfg = Release|Win32
		{4CD222B7-958B-4350-B99C-84070AA114BC}.Release|Win32.ActiveCfg = Release|Win32
		{4CD222B7-958B-4350-B99C-84070AA114BC}.Release|Win32.Build.0 = Release|Win32
		{4CD222B7-958B-4350-B99C-84070AA114BC}.Release|x64.ActiveCfg = Release|Win32
		{4CD222B7-958B-4350-B99C-84070AA114BC}.Template|Win32.ActiveCfg = Release|Win32
		{4CD222B7-958B-4350-B99C-84070AA114BC}.Template|Win32.Build.0 = Release|Win32
		{4CD222B7-958B-4350-B99C-84070AA114BC}.Template|x64.ActiveCfg = Release|Win32
		{027EFF50-3AFD-4255-9D60-44890A17389E}.Debug|Win32.ActiveCfg = Debug|Win32
		{027EFF50-3AFD-4255-9D60-44890A17389E}.Debug|Win32.Build.0 = Debug|Win32
		{027EFF50-3AFD-4255-9D60-44890A17389E}.Debug|x64.ActiveCfg = Debug|Win32
		{027EFF50-3AFD-4255-9D60-44890A17389E}.Release_X64|Win32.ActiveCfg = Release|Win32
		{027EFF50-3AFD-4255-9D60-44890A17389E}.Release_X64|Win32.Build.0 = Release|Win32
		{027EFF50-3AFD-4255-9D60-44890A17389E}.Release_X64|x64.ActiveCfg = Release|Win32
		{027EFF50-3AFD-4255-9D60-44890A17389E}.Release|Win32.ActiveCfg = Release|Win32
		{027EFF50-3AFD-4255-9D60-44890A17389E}.Release|Win32.Build.0 = Release|Win32
		{027EFF50-3AFD-4255-9D60-44890A17389E}.Release|x64.ActiveCfg = Release|Win32
		{027EFF50-3AFD-4255-9D60-44890A17389E}.Template|Win32.ActiveCfg = Release|Win32
		{027EFF50-3AFD-4255-9D60-44890A17389E}.Template|Win32.Build.0 = Release|Win32
		{027EFF50-3AFD-4255-9D60-44890A17389E}.Template|x64.ActiveCfg = Release|Win32
		{082BB151-3110-437F-8A39-6057E2282980}.Debug|Win32.ActiveCfg = Debug|Win32
		{082BB151-3110-437F-8A39-6057E2282980}.Debug|Win32.Build.0 = Debug|Win32
		{082BB151-3110-437F-8A39-6057E2282980}.Debug|x64.ActiveCfg = Debug|Win32
		{082BB151-3110-437F-8A39-6057E2282980}.Release_X64|Win32.ActiveCfg = Release|Win32
		{082BB151-3110-437F-8A39-6057E2282980}.Release_X64|Win32.Build.0 = Release|Win32
		{082BB151-3110-437F-8A39-6057E2282980}.Release_X64|x64.ActiveCfg = Release|Win32
		{082BB151-3110-437F-8A39-6057E2282980}.Release|Win32.ActiveCfg = Release|Win32
		{082BB151-3110-437F-8A39-6057E2282980}.Release|Win32.Build.0 = Release|Win32
		{082BB151-3110-437F-8A39-6057E2282980}.Release|x64.ActiveCfg = Release|Win32
		{082BB151-3110-437F-8A39-6057E2282980}.Template|Win32.ActiveCfg = Release|Win32
		{082BB151-3110-437F-8A39-6057E2282980}.Template|Win32.Build.0 = Release|Win32
		{082BB151-3110-437F-8A39-6057E2282980}.Template|x64.ActiveCfg = Release|Win32
		{320276B1-380A-4696-81FD-64E7EEF4F16B}.Debug|Win32.ActiveCfg = Debug|Win32
		{320276B1-380A-4696-81FD-64E7EEF4F16B}.Debug|Win32.Build.0 = Debug|Win32
		{320276B1-380A-4696-81FD-64E7EEF4F16B}.Debug|x64.ActiveCfg = Debug|Win32
		{320276B1-380A-4696-81FD-64E7EEF4F16B}.Release_X64|Win32.ActiveCfg = Release|Win32
		{320276B1-380A-4696-81FD-64E7EEF4F16B}.Release_X64|Win32.Build.0 = Release|Win32
		{320276B1-380A-4696-81FD-64E7EEF4F16B}.Release_X64|x64.ActiveCfg = Release|Win32
		{320276B1-380A-4696-81FD-64E7EEF4F16B}.Release|Win32.ActiveCfg = Release|Win32
		{320276B1-380A-4696-81FD-64E7EEF4F16B}.Release|Win32.Build.0 = Release|Win32
		{320276B1-380A-4696-81FD-64E7EEF4F16B}.Release|x64.ActiveCfg = Release|Win32
		{320276B1-380A-4696-81FD-64E7EEF4F16B}.Template|Win32.ActiveCfg = Release|Win32
		{320276B1-380A-4696-81FD-64E7EEF4F16B}.Template|Win32.Build.0 = Release|Win32
		{320276B1-380A-4696-81FD-64E7EEF4F16B}.Template|x64.ActiveCfg = Release|Win32
		{22FEB8A8-5DA4-4E36-A9A0-376E9B726C66}.Debug|Win32.ActiveCfg = Debug|Win32
		{22FEB8A8-5DA4-4E36-A9A0-376E9B726C66}.Debug|Win32.Build.0 = Debug|Win32
		{22FEB8A8-5DA4-4E36-A9A0-376E9B726C66}.Debug|x64.ActiveCfg = Debug|Win32
		{22FEB8A8-5DA4-4E36-A9A0-376E9B726C66}.Release_X64|Win32.ActiveCfg = Release|Win32
		{22FEB8A8-5DA4-4E36-A9A0-376E9B726C66}.Release_X64|Win32.Build.0 = Release|Win32
		{22FEB8A8-5DA4-4E36-A9A0-376E9B726C66}.Release_X64|x64.ActiveCfg = Release|Win32
		{22FEB8A8-5DA4-4E36-A9A0-376E9B726C66}.Release|Win32.ActiveCfg = Release|Win32
		{22FEB8A8-5DA4-4E36-A9A0-376E9B726C66}.Release|Win32.Build.0 = Release|Win32
		{22FEB8A8-5DA4-4E36-A9A0-376E9B726C66}.Release|x64.ActiveCfg = Release|Win32
		{22FEB8A8-5DA4-4E36-A9A0-376E9B726C66}.Template|Win32.ActiveCfg = Release|Win32
		{22FEB8A8-5DA4-4E36-A9A0-376E9B726C66}.Template|Win32.Build.0 = Release|Win32
		{22FEB8A8-5DA4-4E36-A9A0-376E9B726C66}.Template|x64.ActiveCfg = Release|Win32
		{2EFCEEC5-192E-417E-B597-19DDD9D0C169}.Debug|Win32.ActiveCfg = Debug|Win32
		{2EFCEEC5-192E-417E-B597-19DDD9D0C169}.Debug|Win32.Build.0 = Debug|Win32
		{2EFCEEC5-192E-417E-B597-19DDD9D0C169}.Debug|x64.ActiveCfg = Debug|Win32
		{2EFCEEC5-192E-417E-B597-19DDD9D0C169}.Release_X64|Win32.ActiveCfg = Release|Win32
		{2EFCEEC5-192E-417E-B597-19DDD9D0C169}.Release_X64|Win32.Build.0 = Release|Win32
		{2EFCEEC5-192E-417E-B597-19DDD9D0C169}.Release_X64|x64.ActiveCfg = Release|Win32
		{2EFCEEC5-192E-417E-B597-19DDD9D0C169}.Release|Win32.ActiveCfg = Release|Win32
		{2EFCEEC5-192E-417E-B597-19DDD9D0C169}.Release|Win32.Build.0 = Release|Win32
		{2EFCEEC5-192E-417E-B597-19DDD9D0C169}.Release|x64.ActiveCfg = Release|Win32
		{2EFCEEC5-192E-417E-B597-19DDD9D0C169}.Template|Win32.ActiveCfg = Release|Win32
		{2EFCEEC5-192E-417E-B597-19DDD9D0C169}.Template|Win32.Build.0 = Release|Win32
		{2EFCEEC5-192E-417E-B597-19DDD9D0C169}.Template|x64.ActiveCfg = Release|Win32
		{986E3951-CD1F-438B-9D99-C7AF6F5BEE19}.Debug|Win32.ActiveCfg = Debug|Win32
		{986E3951-CD1F-438B-9D99-C7AF6F5BEE19}.Debug|Win32.Build.0 = Debug|Win32
		{986E3951-CD1F-438B-9D99-C7AF6F5BEE19}.Debug|x64.ActiveCfg = Debug|Win32
		{986E3951-CD1F-438B-9D99-C7AF6F5BEE19}.Release_X64|Win32.ActiveCfg = Release|Win32
		{986E3951-CD1F-438B-9D99-C7AF6F5BEE19}.Release_X64|Win32.Build.0 = Release|Win32
		{986E3951-CD1F-438B-9D99-C7AF6F5BEE19}.Release_X64|x64.ActiveCfg = Release|Win32
		{986E3951-CD1F-438B-9D99-C7AF6F5BEE19}.Release|Win32.ActiveCfg = Release|Win32
		{986E3951-CD1F-438B-9D99-C7AF6F5BEE19}.Release|Win32.Build.0 = Release|Win32
		{986E3951-CD1F-438B-9D99-C7AF6F5BEE19}.Release|x64.ActiveCfg = Release|Win32
		{986E3951-CD1F-438B-9D99-C7AF6F5BEE19}.Template|Win32.ActiveCfg = Release|Win32
		{986E3951-CD1F-438B-9D99-C7AF6F5BEE19}.Template|Win32.Build.0 = Release|Win32
		{986E3951-CD1F-438B-9D99-C7AF6F5BEE19}.Template|x64.ActiveCfg = Release|Win32
		{1C3DB558-997A-44AF-AEBD-26B2AF92A411}.Debug|Win32.ActiveCfg = Debug|Win32
		{1C3DB558-997A-44AF-AEBD-26B2AF92A411}.Debug|Win32.Build.0 = Debug|Win32
		{1C3DB558-997A-44AF-AEBD-26B2AF92A411}.Debug|x64.ActiveCfg = Debug|Win32
		{1C3DB558-997A-44AF-AEBD-26B2AF92A411}.Release_X64|Win32.ActiveCfg = Release|Win32
		{1C3DB558-997A-44AF-AEBD-26B2AF92A411}.Release_X64|Win32.Build.0 = Release|Win32
		{1C3DB558-997A-44AF-AEBD-26B2AF92A411}.Release_X64|x64.ActiveCfg = Release|Win32
		{1C3DB558-997A-44AF-AEBD-26B2AF92A411}.Release|Win32.ActiveCfg = Release|Win32
		{1C3DB558-997A-44AF-AEBD-26B2AF92A411}.Release|Win32.Build.0 = Release|Win32
		{1C3DB558-997A-44AF-AEBD-26B2AF92A411}.Release|x64.ActiveCfg = Release|Win32
		{1C3DB558-997A-44AF-AEBD-26B2AF92A411}.Template|Win32.ActiveCfg = Release|Win32
		{1C3DB558-997A-44AF-AEBD-26B2AF92A411}.Template|Win32.Build.0 = Release|Win32
		{1C3DB558-997A-44AF-AEBD-26B2AF92A411}.Template|x64.ActiveCfg = Release|Win32
		{84A8EB59-955E-3956-5A6F-E3D62C181E6C}.Debug|Win32.ActiveCfg = Debug|Win32
		{84A8EB59-955E-3956-5A6F-E3D62C181E6C}.Debug|Win32.Build.0 = Debug|Win32
		{84A8EB59-955E-3956-5A6F-E3D62C181E6C}.Debug|x64.ActiveCfg = Debug|Win32
		{84A8EB59-955E-3956-5A6F-E3D62C181E6C}.Release_X64|Win32.ActiveCfg = Release|Win32
		{84A8EB59-955E-3956-5A6F-E3D62C181E6C}.Release_X64|Win32.Build.0 = Release|Win32
		{84A8EB59-955E-3956-5A6F-E3D62C181E6C}.Release_X64|x64.ActiveCfg = Release|Win32
		{84A8EB59-955E-3956-5A6F-E3D62C181E6C}.Release|Win32.ActiveCfg = Release|Win32
		{84A8EB59-955E-3956-5A6F-E3D62C181E6C}.Release|Win32.Build.0 = Release|Win32
		{84A8EB59-955E-3956-5A6F-E3D62C181E6C}.Release|x64.ActiveCfg = Release|Win32
		{84A8EB59-955E-3956-5A6F-E3D62C181E6C}.Template|Win32.ActiveCfg = Template|Win32
		{84A8EB59-955E-3956-5A6F-E3D62C181E6C}.Template|Win32.Build.0 = Template|Win32
		{84A8EB59-955E-3956-5A6F-E3D62C181E6C}.Template|x64.ActiveCfg = Template|Win32
		{DBA5E39F-7EBC-4A51-B8D5-375D73D922F9}.Debug|Win32.ActiveCfg = Debug|Win32
		{DBA5E39F-7EBC-4A51-B8D5-375D73D922F9}.Debug|Win32.Build.0 = Debug|Win32
		{DBA5E39F-7EBC-4A51-B8D5-375D73D922F9}.Debug|x64.ActiveCfg = Debug|Win32
		{DBA5E39F-7EBC-4A51-B8D5-375D73D922F9}.Release_X64|Win32.ActiveCfg = Release|Win32
		{DBA5E39F-7EBC-4A51-B8D5-375D73D922F9}.Release_X64|Win32.Build.0 = Release|Win32
		{DBA5E39F-7EBC-4A51-B8D5-375D73D922F9}.Release_X64|x64.ActiveCfg = Release|Win32
		{DBA5E39F-7EBC-4A51-B8D5-375D73D922F9}.Release|Win32.ActiveCfg = Release|Win32
		{DBA5E39F-7EBC-4A51-B8D5-375D73D922F9}.Release|Win32.Build.0 = Release|Win32
		{DBA5E39F-7EBC-4A51-B8D5-375D73D922F9}.Release|x64.ActiveCfg = Release|Win32
		{DBA5E39F-7EBC-4A51-B8D5-375D73D922F9}.Template|Win32.ActiveCfg = Release|Win32
		{DBA5E39F-7EBC-4A51-B8D5-375D73D922F9}.Template|Win32.Build.0 = Release|Win32
		{DBA5E39F-7EBC-4A51-B8D5-375D73D922F9}.Template|x64.ActiveCfg = Release|Win32
	EndGlobalSection
	GlobalSection(SolutionProperties) = preSolution
		HideSolutionNode = FALSE
	EndGlobalSection
EndGlobal
