
Microsoft Visual Studio Solution File, Format Version 12.00
# Visual Studio Version 17
VisualStudioVersion = 17.9.34728.123
MinimumVisualStudioVersion = 10.0.40219.1
Project("{9A19103F-16F7-4668-BE54-9A1E7A4F7556}") = "GxSimpleGrab", "GxSimpleGrab\GxSimpleGrab_VS2022.csproj", "{D507F7FF-7E83-4A76-B7E4-A9587C24A286}"
EndProject
Project("{9A19103F-16F7-4668-BE54-9A1E7A4F7556}") = "GxUpdateDeviceGetImage", "GxUpdateDeviceGetImage\GxUpdateDeviceGetImage_VS2022.csproj", "{1FCC53D7-D1C5-4250-9017-933DF7F429F3}"
EndProject
Global
	GlobalSection(SolutionConfigurationPlatforms) = preSolution
		Debug|x64 = Debug|x64
		Release|x64 = Release|x64
	EndGlobalSection
	GlobalSection(ProjectConfigurationPlatforms) = postSolution
		{D507F7FF-7E83-4A76-B7E4-A9587C24A286}.Debug|x64.ActiveCfg = Debug|x64
		{D507F7FF-7E83-4A76-B7E4-A9587C24A286}.Debug|x64.Build.0 = Debug|x64
		{D507F7FF-7E83-4A76-B7E4-A9587C24A286}.Release|x64.ActiveCfg = Release|x64
		{D507F7FF-7E83-4A76-B7E4-A9587C24A286}.Release|x64.Build.0 = Release|x64
		{1FCC53D7-D1C5-4250-9017-933DF7F429F3}.Debug|x64.ActiveCfg = Debug|x64
		{1FCC53D7-D1C5-4250-9017-933DF7F429F3}.Debug|x64.Build.0 = Debug|x64
		{1FCC53D7-D1C5-4250-9017-933DF7F429F3}.Release|x64.ActiveCfg = Release|x64
		{1FCC53D7-D1C5-4250-9017-933DF7F429F3}.Release|x64.Build.0 = Release|x64
	EndGlobalSection
	GlobalSection(SolutionProperties) = preSolution
		HideSolutionNode = FALSE
	EndGlobalSection
	GlobalSection(ExtensibilityGlobals) = postSolution
		SolutionGuid = {73E598BD-963B-494A-A324-EA9537B97844}
	EndGlobalSection
EndGlobal
